schema: '2.0'
stages:
  pipeline:
    cmd: python ./starter/train_model.py
    deps:
    - path: data/census.csv
      md5: 145de00f6e6053d3f7044628f9a5b5ff
      size: 3974474
    - path: starter/params.yaml
      md5: 6c49e31767d9bed24c6bb5feee59858f
      size: 337
    - path: starter/train_model.py
      md5: 1d4bf336053e22db90bb382f34064f22
      size: 3371
    outs:
    - path: logs/scores.json
      md5: ec10db3656b0d099083abf20e8ab8724
      size: 92
